
Microsoft Visual Studio Solution File, Format Version 12.00
# Visual Studio 2012
Project("{8BC9CEB8-8B4A-11D0-8D11-00A0C91BC942}") = "GoblinEngine", "GoblinEngine\GoblinEngine.vcxproj", "{B2339BFD-347E-4D83-9B8B-99A92BA2BDDD}"
EndProject
Project("{8BC9CEB8-8B4A-11D0-8D11-00A0C91BC942}") = "Core", "Core\Core.vcxproj", "{B6BF89C7-1E89-4163-BACA-846E07F64E17}"
EndProject
Project("{8BC9CEB8-8B4A-11D0-8D11-00A0C91BC942}") = "GameUI", "GameUI\GameUI.vcxproj", "{F60CCEC3-DFA5-4AB7-985C-FE4329508C0F}"
EndProject
Global
	GlobalSection(SolutionConfigurationPlatforms) = preSolution
		Debug Multithreaded|Win32 = Debug Multithreaded|Win32
		Debug Singlethreaded|Win32 = Debug Singlethreaded|Win32
		Debug|Win32 = Debug|Win32
		Release Multithreaded|Win32 = Release Multithreaded|Win32
		Release Singlethreaded|Win32 = Release Singlethreaded|Win32
		Release|Win32 = Release|Win32
	EndGlobalSection
	GlobalSection(ProjectConfigurationPlatforms) = postSolution
		{B2339BFD-347E-4D83-9B8B-99A92BA2BDDD}.Debug Multithreaded|Win32.ActiveCfg = Debug|Win32
		{B2339BFD-347E-4D83-9B8B-99A92BA2BDDD}.Debug Multithreaded|Win32.Build.0 = Debug|Win32
		{B2339BFD-347E-4D83-9B8B-99A92BA2BDDD}.Debug Singlethreaded|Win32.ActiveCfg = Debug|Win32
		{B2339BFD-347E-4D83-9B8B-99A92BA2BDDD}.Debug Singlethreaded|Win32.Build.0 = Debug|Win32
		{B2339BFD-347E-4D83-9B8B-99A92BA2BDDD}.Debug|Win32.ActiveCfg = Debug|Win32
		{B2339BFD-347E-4D83-9B8B-99A92BA2BDDD}.Debug|Win32.Build.0 = Debug|Win32
		{B2339BFD-347E-4D83-9B8B-99A92BA2BDDD}.Release Multithreaded|Win32.ActiveCfg = Release|Win32
		{B2339BFD-347E-4D83-9B8B-99A92BA2BDDD}.Release Multithreaded|Win32.Build.0 = Release|Win32
		{B2339BFD-347E-4D83-9B8B-99A92BA2BDDD}.Release Singlethreaded|Win32.ActiveCfg = Release|Win32
		{B2339BFD-347E-4D83-9B8B-99A92BA2BDDD}.Release Singlethreaded|Win32.Build.0 = Release|Win32
		{B2339BFD-347E-4D83-9B8B-99A92BA2BDDD}.Release|Win32.ActiveCfg = Release|Win32
		{B2339BFD-347E-4D83-9B8B-99A92BA2BDDD}.Release|Win32.Build.0 = Release|Win32
		{B6BF89C7-1E89-4163-BACA-846E07F64E17}.Debug Multithreaded|Win32.ActiveCfg = Debug|Win32
		{B6BF89C7-1E89-4163-BACA-846E07F64E17}.Debug Multithreaded|Win32.Build.0 = Debug|Win32
		{B6BF89C7-1E89-4163-BACA-846E07F64E17}.Debug Singlethreaded|Win32.ActiveCfg = Debug|Win32
		{B6BF89C7-1E89-4163-BACA-846E07F64E17}.Debug Singlethreaded|Win32.Build.0 = Debug|Win32
		{B6BF89C7-1E89-4163-BACA-846E07F64E17}.Debug|Win32.ActiveCfg = Debug|Win32
		{B6BF89C7-1E89-4163-BACA-846E07F64E17}.Debug|Win32.Build.0 = Debug|Win32
		{B6BF89C7-1E89-4163-BACA-846E07F64E17}.Release Multithreaded|Win32.ActiveCfg = Release|Win32
		{B6BF89C7-1E89-4163-BACA-846E07F64E17}.Release Multithreaded|Win32.Build.0 = Release|Win32
		{B6BF89C7-1E89-4163-BACA-846E07F64E17}.Release Singlethreaded|Win32.ActiveCfg = Release|Win32
		{B6BF89C7-1E89-4163-BACA-846E07F64E17}.Release Singlethreaded|Win32.Build.0 = Release|Win32
		{B6BF89C7-1E89-4163-BACA-846E07F64E17}.Release|Win32.ActiveCfg = Release|Win32
		{B6BF89C7-1E89-4163-BACA-846E07F64E17}.Release|Win32.Build.0 = Release|Win32
		{F60CCEC3-DFA5-4AB7-985C-FE4329508C0F}.Debug Multithreaded|Win32.ActiveCfg = Debug|Win32
		{F60CCEC3-DFA5-4AB7-985C-FE4329508C0F}.Debug Multithreaded|Win32.Build.0 = Debug|Win32
		{F60CCEC3-DFA5-4AB7-985C-FE4329508C0F}.Debug Singlethreaded|Win32.ActiveCfg = Debug|Win32
		{F60CCEC3-DFA5-4AB7-985C-FE4329508C0F}.Debug Singlethreaded|Win32.Build.0 = Debug|Win32
		{F60CCEC3-DFA5-4AB7-985C-FE4329508C0F}.Debug|Win32.ActiveCfg = Debug|Win32
		{F60CCEC3-DFA5-4AB7-985C-FE4329508C0F}.Debug|Win32.Build.0 = Debug|Win32
		{F60CCEC3-DFA5-4AB7-985C-FE4329508C0F}.Release Multithreaded|Win32.ActiveCfg = Release|Win32
		{F60CCEC3-DFA5-4AB7-985C-FE4329508C0F}.Release Multithreaded|Win32.Build.0 = Release|Win32
		{F60CCEC3-DFA5-4AB7-985C-FE4329508C0F}.Release Singlethreaded|Win32.ActiveCfg = Release|Win32
		{F60CCEC3-DFA5-4AB7-985C-FE4329508C0F}.Release Singlethreaded|Win32.Build.0 = Release|Win32
		{F60CCEC3-DFA5-4AB7-985C-FE4329508C0F}.Release|Win32.ActiveCfg = Release|Win32
		{F60CCEC3-DFA5-4AB7-985C-FE4329508C0F}.Release|Win32.Build.0 = Release|Win32
	EndGlobalSection
	GlobalSection(SolutionProperties) = preSolution
		HideSolutionNode = FALSE
	EndGlobalSection
EndGlobal
