<?xml version="1.0" encoding="utf-8"?>
<Project ToolsVersion="4.0" xmlns="http://schemas.microsoft.com/developer/msbuild/2003">
  <ItemGroup>
    <Filter Include="Source Files">
      <UniqueIdentifier>{4FC737F1-C7A5-4376-A066-2A32D752A2FF}</UniqueIdentifier>
      <Extensions>cpp;c;cc;cxx;def;odl;idl;hpj;bat;asm;asmx</Extensions>
    </Filter>
    <Filter Include="Header Files">
      <UniqueIdentifier>{93995380-89BD-4b04-88EB-625FBE52EBFB}</UniqueIdentifier>
      <Extensions>h;hpp;hxx;hm;inl;inc;xsd</Extensions>
    </Filter>
    <Filter Include="Resource Files">
      <UniqueIdentifier>{67DA6AB6-F800-4c08-8B7A-83BB121AAD01}</UniqueIdentifier>
      <Extensions>rc;ico;cur;bmp;dlg;rc2;rct;bin;rgs;gif;jpg;jpeg;jpe;resx;tiff;tif;png;wav;mfcribbon-ms</Extensions>
    </Filter>
    <Filter Include="Header Files\GoblinType">
      <UniqueIdentifier>{60388d90-4b25-4583-b079-e83598980c36}</UniqueIdentifier>
    </Filter>
    <Filter Include="Source Files\GoblinType">
      <UniqueIdentifier>{caf55f8e-953a-44fd-935f-4bb58b9ed3a8}</UniqueIdentifier>
    </Filter>
    <Filter Include="Header Files\Debugging">
      <UniqueIdentifier>{af004071-02ce-4752-8167-6bb7d4193203}</UniqueIdentifier>
    </Filter>
    <Filter Include="Source Files\Debugging">
      <UniqueIdentifier>{7cb87d70-e46a-4c94-9cdd-ff53f114a1a6}</UniqueIdentifier>
    </Filter>
    <Filter Include="Header Files\Events">
      <UniqueIdentifier>{e18ae80f-0032-487a-aeec-1e6e18965402}</UniqueIdentifier>
    </Filter>
    <Filter Include="Header Files\Game entities">
      <UniqueIdentifier>{d6188463-9f63-45f7-a1d1-b98cfe194e34}</UniqueIdentifier>
    </Filter>
    <Filter Include="Header Files\Game entities\Components">
      <UniqueIdentifier>{58d25346-7968-47d3-a8cc-92dd368fe8a7}</UniqueIdentifier>
    </Filter>
    <Filter Include="Source Files\Game entities">
      <UniqueIdentifier>{9eec7cf6-d05c-48c9-b680-8829383b1173}</UniqueIdentifier>
    </Filter>
    <Filter Include="Source Files\Game entities\Components">
      <UniqueIdentifier>{6a00f7a7-b102-4645-87ca-f7334dc5339d}</UniqueIdentifier>
    </Filter>
    <Filter Include="Header Files\Game entities\Actions">
      <UniqueIdentifier>{0ed0139f-60f7-442c-9894-42d53e804b58}</UniqueIdentifier>
    </Filter>
    <Filter Include="Source Files\Game entities\Actions">
      <UniqueIdentifier>{9630f9cd-5d64-4f8d-aefc-033184011f6b}</UniqueIdentifier>
    </Filter>
  </ItemGroup>
  <ItemGroup>
    <ClInclude Include="Array2.h">
      <Filter>Header Files</Filter>
    </ClInclude>
    <ClInclude Include="Clamp.h">
      <Filter>Header Files</Filter>
    </ClInclude>
    <ClInclude Include="Component.h">
      <Filter>Header Files\Game entities\Components</Filter>
    </ClInclude>
    <ClInclude Include="Build.h">
      <Filter>Header Files</Filter>
    </ClInclude>
    <ClInclude Include="Exception.h">
      <Filter>Header Files</Filter>
    </ClInclude>
    <ClInclude Include="BasicEventCallback.h">
      <Filter>Header Files\Events</Filter>
    </ClInclude>
    <ClInclude Include="ClassEventCallback.h">
      <Filter>Header Files\Events</Filter>
    </ClInclude>
    <ClInclude Include="Event.h">
      <Filter>Header Files\Events</Filter>
    </ClInclude>
    <ClInclude Include="IEventCallback.h">
      <Filter>Header Files\Events</Filter>
    </ClInclude>
    <ClInclude Include="DebugStream.h">
      <Filter>Header Files\Debugging</Filter>
    </ClInclude>
    <ClInclude Include="IDebugHandler.h">
      <Filter>Header Files\Debugging</Filter>
    </ClInclude>
    <ClInclude Include="SmartPtr.h">
      <Filter>Header Files</Filter>
    </ClInclude>
    <ClInclude Include="Object.h">
      <Filter>Header Files</Filter>
    </ClInclude>
    <ClInclude Include="ISerializable.h">
      <Filter>Header Files</Filter>
    </ClInclude>
    <ClInclude Include="GTypeFactory.h">
      <Filter>Header Files\GoblinType</Filter>
    </ClInclude>
    <ClInclude Include="GType.h">
      <Filter>Header Files\GoblinType</Filter>
    </ClInclude>
    <ClInclude Include="MapEntityComponent.h">
      <Filter>Header Files\Game entities\Components</Filter>
    </ClInclude>
    <ClInclude Include="Player.h">
      <Filter>Header Files\Game entities</Filter>
    </ClInclude>
    <ClInclude Include="GameObject.h">
      <Filter>Header Files\Game entities</Filter>
    </ClInclude>
    <ClInclude Include="IMapProvider.h">
      <Filter>Header Files</Filter>
    </ClInclude>
    <ClInclude Include="MapCell.h">
      <Filter>Header Files\Game entities</Filter>
    </ClInclude>
    <ClInclude Include="ResourceComponent.h">
      <Filter>Header Files\Game entities\Components</Filter>
    </ClInclude>
    <ClInclude Include="ActionClass.h">
      <Filter>Header Files\Game entities\Actions</Filter>
    </ClInclude>
    <ClInclude Include="Action.h">
      <Filter>Header Files\Game entities\Actions</Filter>
    </ClInclude>
    <ClInclude Include="MovableComponent.h">
      <Filter>Header Files\Game entities\Components</Filter>
    </ClInclude>
  </ItemGroup>
  <ItemGroup>
    <ClCompile Include="Exception.cpp">
      <Filter>Source Files</Filter>
    </ClCompile>
    <ClCompile Include="DebugStream.cpp">
      <Filter>Source Files\Debugging</Filter>
    </ClCompile>
    <ClCompile Include="GType.cpp">
      <Filter>Source Files\GoblinType</Filter>
    </ClCompile>
    <ClCompile Include="GTypeFactory.cpp">
      <Filter>Source Files\GoblinType</Filter>
    </ClCompile>
    <ClCompile Include="MapEntityComponent.cpp">
      <Filter>Source Files\Game entities\Components</Filter>
    </ClCompile>
    <ClCompile Include="GameObject.cpp">
      <Filter>Source Files\Game entities</Filter>
    </ClCompile>
    <ClCompile Include="Player.cpp">
      <Filter>Source Files\Game entities</Filter>
    </ClCompile>
    <ClCompile Include="MapCell.cpp">
      <Filter>Source Files\Game entities</Filter>
    </ClCompile>
    <ClCompile Include="ResourceComponent.cpp">
      <Filter>Source Files\Game entities\Components</Filter>
    </ClCompile>
    <ClCompile Include="MovableComponent.cpp">
      <Filter>Source Files\Game entities\Components</Filter>
    </ClCompile>
  </ItemGroup>
</Project>