<?xml version="1.0" encoding="utf-8"?>
<Project ToolsVersion="4.0" xmlns="http://schemas.microsoft.com/developer/msbuild/2003">
  <ItemGroup>
    <Filter Include="Source Files">
      <UniqueIdentifier>{4FC737F1-C7A5-4376-A066-2A32D752A2FF}</UniqueIdentifier>
      <Extensions>cpp;c;cc;cxx;def;odl;idl;hpj;bat;asm;asmx</Extensions>
    </Filter>
    <Filter Include="Header Files">
      <UniqueIdentifier>{93995380-89BD-4b04-88EB-625FBE52EBFB}</UniqueIdentifier>
      <Extensions>h;hpp;hxx;hm;inl;inc;xsd</Extensions>
    </Filter>
    <Filter Include="Resource Files">
      <UniqueIdentifier>{67DA6AB6-F800-4c08-8B7A-83BB121AAD01}</UniqueIdentifier>
      <Extensions>rc;ico;cur;bmp;dlg;rc2;rct;bin;rgs;gif;jpg;jpeg;jpe;resx;tiff;tif;png;wav;mfcribbon-ms</Extensions>
    </Filter>
    <Filter Include="Header Files\GoblinType">
      <UniqueIdentifier>{60388d90-4b25-4583-b079-e83598980c36}</UniqueIdentifier>
    </Filter>
    <Filter Include="Source Files\GoblinType">
      <UniqueIdentifier>{caf55f8e-953a-44fd-935f-4bb58b9ed3a8}</UniqueIdentifier>
    </Filter>
    <Filter Include="Header Files\Components">
      <UniqueIdentifier>{58d25346-7968-47d3-a8cc-92dd368fe8a7}</UniqueIdentifier>
    </Filter>
    <Filter Include="Source Files\Components">
      <UniqueIdentifier>{6a00f7a7-b102-4645-87ca-f7334dc5339d}</UniqueIdentifier>
    </Filter>
    <Filter Include="Header Files\Map">
      <UniqueIdentifier>{dacdde6f-630c-427d-8ab6-58f28042d88c}</UniqueIdentifier>
    </Filter>
    <Filter Include="Source Files\Map">
      <UniqueIdentifier>{da1cd37f-5c88-4c18-b674-d6062c47ae54}</UniqueIdentifier>
    </Filter>
  </ItemGroup>
  <ItemGroup>
    <ClInclude Include="Array2.h">
      <Filter>Header Files</Filter>
    </ClInclude>
    <ClInclude Include="Clamp.h">
      <Filter>Header Files</Filter>
    </ClInclude>
    <ClInclude Include="DebugStream.h">
      <Filter>Header Files</Filter>
    </ClInclude>
    <ClInclude Include="GoblinObject.h">
      <Filter>Header Files\GoblinType</Filter>
    </ClInclude>
    <ClInclude Include="GoblinType.h">
      <Filter>Header Files\GoblinType</Filter>
    </ClInclude>
    <ClInclude Include="GoblinTypeFactory.h">
      <Filter>Header Files\GoblinType</Filter>
    </ClInclude>
    <ClInclude Include="Component.h">
      <Filter>Header Files\Components</Filter>
    </ClInclude>
    <ClInclude Include="Player.h">
      <Filter>Header Files</Filter>
    </ClInclude>
    <ClInclude Include="Build.h">
      <Filter>Header Files</Filter>
    </ClInclude>
    <ClInclude Include="IMapProvider.h">
      <Filter>Header Files\Map</Filter>
    </ClInclude>
    <ClInclude Include="MapGrid.h">
      <Filter>Header Files\Map</Filter>
    </ClInclude>
    <ClInclude Include="MapGridIo.h">
      <Filter>Header Files\Map</Filter>
    </ClInclude>
    <ClInclude Include="MapObject.h">
      <Filter>Header Files\Map</Filter>
    </ClInclude>
    <ClInclude Include="ISerializable.h">
      <Filter>Header Files\GoblinType</Filter>
    </ClInclude>
    <ClInclude Include="IDebugHandler.h">
      <Filter>Header Files</Filter>
    </ClInclude>
    <ClInclude Include="IEventCallback.h">
      <Filter>Header Files</Filter>
    </ClInclude>
    <ClInclude Include="BasicEventCallback.h">
      <Filter>Header Files</Filter>
    </ClInclude>
    <ClInclude Include="ClassEventCallback.h">
      <Filter>Header Files</Filter>
    </ClInclude>
    <ClInclude Include="Event.h">
      <Filter>Header Files</Filter>
    </ClInclude>
  </ItemGroup>
  <ItemGroup>
    <ClCompile Include="DebugStream.cpp">
      <Filter>Source Files</Filter>
    </ClCompile>
    <ClCompile Include="GoblinObject.cpp">
      <Filter>Source Files\GoblinType</Filter>
    </ClCompile>
    <ClCompile Include="GoblinType.cpp">
      <Filter>Source Files\GoblinType</Filter>
    </ClCompile>
    <ClCompile Include="Component.cpp">
      <Filter>Source Files\Components</Filter>
    </ClCompile>
    <ClCompile Include="GoblinTypeFactory.cpp">
      <Filter>Source Files\GoblinType</Filter>
    </ClCompile>
    <ClCompile Include="Player.cpp">
      <Filter>Source Files</Filter>
    </ClCompile>
    <ClCompile Include="MapGrid.cpp">
      <Filter>Source Files\Map</Filter>
    </ClCompile>
    <ClCompile Include="MapGridIo.cpp">
      <Filter>Source Files\Map</Filter>
    </ClCompile>
    <ClCompile Include="MapObject.cpp">
      <Filter>Source Files\Map</Filter>
    </ClCompile>
  </ItemGroup>
</Project>